
Microsoft Visual Studio Solution File, Format Version 10.00
# Visual Studio 2008
Project("{FAE04EC0-301F-11D3-BF4B-00C04F79EFBC}") = "Dukedom", "Dukedom\Dukedom.csproj", "{8B2F2FA1-FEBC-4578-BEB1-72996A6FA3DB}"
EndProject
Global
	GlobalSection(SolutionConfigurationPlatforms) = preSolution
		Debug|Any CPU = Debug|Any CPU
		Release|Any CPU = Release|Any CPU
	EndGlobalSection
	GlobalSection(ProjectConfigurationPlatforms) = postSolution
		{8B2F2FA1-FEBC-4578-BEB1-72996A6FA3DB}.Debug|Any CPU.ActiveCfg = Debug|Any CPU
		{8B2F2FA1-FEBC-4578-BEB1-72996A6FA3DB}.Debug|Any CPU.Build.0 = Debug|Any CPU
		{8B2F2FA1-FEBC-4578-BEB1-72996A6FA3DB}.Release|Any CPU.ActiveCfg = Release|Any CPU
		{8B2F2FA1-FEBC-4578-BEB1-72996A6FA3DB}.Release|Any CPU.Build.0 = Release|Any CPU
	EndGlobalSection
	GlobalSection(SolutionProperties) = preSolution
		HideSolutionNode = FALSE
	EndGlobalSection
EndGlobal
